
Microsoft Visual Studio Solution File, Format Version 12.00
# Visual Studio Version 17
VisualStudioVersion = 17.1.32421.90
MinimumVisualStudioVersion = 10.0.40219.1
Project("{FAE04EC0-301F-11D3-BF4B-00C04F79EFBC}") = "ADODemo", "ADODemo\ADODemo.csproj", "{712805C3-BE5E-4CEF-BFA9-B5EC790E899B}"
EndProject
Global
	GlobalSection(SolutionConfigurationPlatforms) = preSolution
		Debug|Any CPU = Debug|Any CPU
		Release|Any CPU = Release|Any CPU
	EndGlobalSection
	GlobalSection(ProjectConfigurationPlatforms) = postSolution
		{712805C3-BE5E-4CEF-BFA9-B5EC790E899B}.Debug|Any CPU.ActiveCfg = Debug|Any CPU
		{712805C3-BE5E-4CEF-BFA9-B5EC790E899B}.Debug|Any CPU.Build.0 = Debug|Any CPU
		{712805C3-BE5E-4CEF-BFA9-B5EC790E899B}.Release|Any CPU.ActiveCfg = Release|Any CPU
		{712805C3-BE5E-4CEF-BFA9-B5EC790E899B}.Release|Any CPU.Build.0 = Release|Any CPU
	EndGlobalSection
	GlobalSection(SolutionProperties) = preSolution
		HideSolutionNode = FALSE
	EndGlobalSection
	GlobalSection(ExtensibilityGlobals) = postSolution
		SolutionGuid = {DD8EA0A4-CC1F-4915-A811-0BEEBED5928C}
	EndGlobalSection
EndGlobal
